
Microsoft Visual Studio Solution File, Format Version 12.00
# Visual Studio Version 16
VisualStudioVersion = 16.0.30523.141
MinimumVisualStudioVersion = 10.0.40219.1
Project("{FAE04EC0-301F-11D3-BF4B-00C04F79EFBC}") = "StripBoekenWinkel", "StripBoekenWinkel\StripBoekenWinkel.csproj", "{5F0BCB8B-215E-4ACA-A3A6-2C76C4408AE4}"
EndProject
Global
	GlobalSection(SolutionConfigurationPlatforms) = preSolution
		Debug|Any CPU = Debug|Any CPU
		Release|Any CPU = Release|Any CPU
	EndGlobalSection
	GlobalSection(ProjectConfigurationPlatforms) = postSolution
		{5F0BCB8B-215E-4ACA-A3A6-2C76C4408AE4}.Debug|Any CPU.ActiveCfg = Debug|Any CPU
		{5F0BCB8B-215E-4ACA-A3A6-2C76C4408AE4}.Debug|Any CPU.Build.0 = Debug|Any CPU
		{5F0BCB8B-215E-4ACA-A3A6-2C76C4408AE4}.Release|Any CPU.ActiveCfg = Release|Any CPU
		{5F0BCB8B-215E-4ACA-A3A6-2C76C4408AE4}.Release|Any CPU.Build.0 = Release|Any CPU
	EndGlobalSection
	GlobalSection(SolutionProperties) = preSolution
		HideSolutionNode = FALSE
	EndGlobalSection
	GlobalSection(ExtensibilityGlobals) = postSolution
		SolutionGuid = {EDEC9B42-9283-48AF-BFCB-AF7B24FCA4A1}
	EndGlobalSection
EndGlobal
