
Microsoft Visual Studio Solution File, Format Version 12.00
# Visual Studio Version 16
VisualStudioVersion = 16.0.30517.126
MinimumVisualStudioVersion = 10.0.40219.1
Project("{FAE04EC0-301F-11D3-BF4B-00C04F79EFBC}") = "PC-Shop", "PC-Shop\PC-Shop.csproj", "{2B04243A-EFEC-4084-979C-A61ECE780975}"
EndProject
Global
	GlobalSection(SolutionConfigurationPlatforms) = preSolution
		Debug|Any CPU = Debug|Any CPU
		Release|Any CPU = Release|Any CPU
	EndGlobalSection
	GlobalSection(ProjectConfigurationPlatforms) = postSolution
		{2B04243A-EFEC-4084-979C-A61ECE780975}.Debug|Any CPU.ActiveCfg = Debug|Any CPU
		{2B04243A-EFEC-4084-979C-A61ECE780975}.Debug|Any CPU.Build.0 = Debug|Any CPU
		{2B04243A-EFEC-4084-979C-A61ECE780975}.Release|Any CPU.ActiveCfg = Release|Any CPU
		{2B04243A-EFEC-4084-979C-A61ECE780975}.Release|Any CPU.Build.0 = Release|Any CPU
	EndGlobalSection
	GlobalSection(SolutionProperties) = preSolution
		HideSolutionNode = FALSE
	EndGlobalSection
	GlobalSection(ExtensibilityGlobals) = postSolution
		SolutionGuid = {6B89E1A1-9D3D-4A54-BC68-BC3031A9B85D}
	EndGlobalSection
EndGlobal
