
Microsoft Visual Studio Solution File, Format Version 12.00
# Visual Studio Version 16
VisualStudioVersion = 16.0.30523.141
MinimumVisualStudioVersion = 10.0.40219.1
Project("{FAE04EC0-301F-11D3-BF4B-00C04F79EFBC}") = "Ticket", "Ticket\Ticket.csproj", "{32EB6C60-EE8C-4D7B-9E92-88A681AEF935}"
EndProject
Global
	GlobalSection(SolutionConfigurationPlatforms) = preSolution
		Debug|Any CPU = Debug|Any CPU
		Release|Any CPU = Release|Any CPU
	EndGlobalSection
	GlobalSection(ProjectConfigurationPlatforms) = postSolution
		{32EB6C60-EE8C-4D7B-9E92-88A681AEF935}.Debug|Any CPU.ActiveCfg = Debug|Any CPU
		{32EB6C60-EE8C-4D7B-9E92-88A681AEF935}.Debug|Any CPU.Build.0 = Debug|Any CPU
		{32EB6C60-EE8C-4D7B-9E92-88A681AEF935}.Release|Any CPU.ActiveCfg = Release|Any CPU
		{32EB6C60-EE8C-4D7B-9E92-88A681AEF935}.Release|Any CPU.Build.0 = Release|Any CPU
	EndGlobalSection
	GlobalSection(SolutionProperties) = preSolution
		HideSolutionNode = FALSE
	EndGlobalSection
	GlobalSection(ExtensibilityGlobals) = postSolution
		SolutionGuid = {32F8B91E-9BA6-46FA-A1FE-DC6E7169CABA}
	EndGlobalSection
EndGlobal
